{
  "requires": true,
  "lockfileVersion": 1,
  "dependencies": {
    "hotkeys-js": {
      "version": "3.7.1",
      "resolved": "https://registry.npmjs.org/hotkeys-js/-/hotkeys-js-3.7.1.tgz",
      "integrity": "sha512-dCQOlRQdDBxKLFjT4/yi5QODTfKlxuXvXgz65g1T3qHuUUc5cWudJw4ok0IvL7XgGgOknbB13tcIW2VTG7ZUIw=="
    }
  }
}
